
Microsoft Visual Studio Solution File, Format Version 12.00
# Visual Studio Version 16
VisualStudioVersion = 16.0.30011.22
MinimumVisualStudioVersion = 10.0.40219.1
Project("{FAE04EC0-301F-11D3-BF4B-00C04F79EFBC}") = "Olimpi Framework", "Olimpi Framework\Olimpi Framework.csproj", "{E1BC822E-8044-44D3-A83D-29ECE572A479}"
EndProject
Project("{2150E333-8FDC-42A3-9474-1A3956D46DE8}") = "tests", "tests", "{0AB3BF05-4346-4AA6-1389-037BE0695223}"
EndProject
Project("{FAE04EC0-301F-11D3-BF4B-00C04F79EFBC}") = "Logging.Test", "tests\Logging.Test\Logging.Test.csproj", "{B16CDCC1-00E5-4999-89F5-68B2980C5B56}"
EndProject
Project("{2150E333-8FDC-42A3-9474-1A3956D46DE8}") = "src", "src", "{827E0CD3-B72D-47B6-A68D-7590B98EB39B}"
EndProject
Project("{FAE04EC0-301F-11D3-BF4B-00C04F79EFBC}") = "Logging", "src\Logging\Logging.csproj", "{161BA9A5-E2F7-4CA7-847A-5771C4BFBF1E}"
EndProject
Project("{FAE04EC0-301F-11D3-BF4B-00C04F79EFBC}") = "ConsoleOperations", "src\ConsoleOperations\ConsoleOperations.csproj", "{E2C5A9E9-9F37-4961-9C3F-8A97FE599120}"
EndProject
Project("{FAE04EC0-301F-11D3-BF4B-00C04F79EFBC}") = "ConsoleOperations.Test", "tests\ConsoleOperations.Test\ConsoleOperations.Test.csproj", "{5C2637F5-EFB6-4156-82D7-6DDC51CBC80D}"
EndProject
Project("{FAE04EC0-301F-11D3-BF4B-00C04F79EFBC}") = "StateManagement", "src\StateManagement\StateManagement.csproj", "{84E2DCC1-2A5E-4681-9DE2-FC0720B96026}"
EndProject
Project("{FAE04EC0-301F-11D3-BF4B-00C04F79EFBC}") = "StateMachine.Test", "tests\StateMachine.Test\StateMachine.Test.csproj", "{C3E53136-B455-4B0B-A667-19BEE8FE12EE}"
EndProject
Project("{FAE04EC0-301F-11D3-BF4B-00C04F79EFBC}") = "CAlgoInterface", "src\CAlgoInterface\CAlgoInterface.csproj", "{914617F2-71A8-478E-8AB6-549F63AD9245}"
EndProject
Project("{FAE04EC0-301F-11D3-BF4B-00C04F79EFBC}") = "CAlgoInterface.Test", "tests\CAlgoInterface.Test\CAlgoInterface.Test.csproj", "{BCDE64A7-AA8D-4386-B706-12A1E102EE59}"
EndProject
Global
	GlobalSection(SolutionConfigurationPlatforms) = preSolution
		Debug|Any CPU = Debug|Any CPU
		Debug|x64 = Debug|x64
		Debug|x86 = Debug|x86
		Release|Any CPU = Release|Any CPU
		Release|x64 = Release|x64
		Release|x86 = Release|x86
	EndGlobalSection
	GlobalSection(ProjectConfigurationPlatforms) = postSolution
		{E1BC822E-8044-44D3-A83D-29ECE572A479}.Debug|Any CPU.ActiveCfg = Debug|Any CPU
		{E1BC822E-8044-44D3-A83D-29ECE572A479}.Debug|Any CPU.Build.0 = Debug|Any CPU
		{E1BC822E-8044-44D3-A83D-29ECE572A479}.Debug|x64.ActiveCfg = Debug|Any CPU
		{E1BC822E-8044-44D3-A83D-29ECE572A479}.Debug|x64.Build.0 = Debug|Any CPU
		{E1BC822E-8044-44D3-A83D-29ECE572A479}.Debug|x86.ActiveCfg = Debug|Any CPU
		{E1BC822E-8044-44D3-A83D-29ECE572A479}.Debug|x86.Build.0 = Debug|Any CPU
		{E1BC822E-8044-44D3-A83D-29ECE572A479}.Release|Any CPU.ActiveCfg = Release|Any CPU
		{E1BC822E-8044-44D3-A83D-29ECE572A479}.Release|Any CPU.Build.0 = Release|Any CPU
		{E1BC822E-8044-44D3-A83D-29ECE572A479}.Release|x64.ActiveCfg = Release|Any CPU
		{E1BC822E-8044-44D3-A83D-29ECE572A479}.Release|x64.Build.0 = Release|Any CPU
		{E1BC822E-8044-44D3-A83D-29ECE572A479}.Release|x86.ActiveCfg = Release|Any CPU
		{E1BC822E-8044-44D3-A83D-29ECE572A479}.Release|x86.Build.0 = Release|Any CPU
		{B16CDCC1-00E5-4999-89F5-68B2980C5B56}.Debug|Any CPU.ActiveCfg = Debug|Any CPU
		{B16CDCC1-00E5-4999-89F5-68B2980C5B56}.Debug|Any CPU.Build.0 = Debug|Any CPU
		{B16CDCC1-00E5-4999-89F5-68B2980C5B56}.Debug|x64.ActiveCfg = Debug|Any CPU
		{B16CDCC1-00E5-4999-89F5-68B2980C5B56}.Debug|x64.Build.0 = Debug|Any CPU
		{B16CDCC1-00E5-4999-89F5-68B2980C5B56}.Debug|x86.ActiveCfg = Debug|Any CPU
		{B16CDCC1-00E5-4999-89F5-68B2980C5B56}.Debug|x86.Build.0 = Debug|Any CPU
		{B16CDCC1-00E5-4999-89F5-68B2980C5B56}.Release|Any CPU.ActiveCfg = Release|Any CPU
		{B16CDCC1-00E5-4999-89F5-68B2980C5B56}.Release|Any CPU.Build.0 = Release|Any CPU
		{B16CDCC1-00E5-4999-89F5-68B2980C5B56}.Release|x64.ActiveCfg = Release|Any CPU
		{B16CDCC1-00E5-4999-89F5-68B2980C5B56}.Release|x64.Build.0 = Release|Any CPU
		{B16CDCC1-00E5-4999-89F5-68B2980C5B56}.Release|x86.ActiveCfg = Release|Any CPU
		{B16CDCC1-00E5-4999-89F5-68B2980C5B56}.Release|x86.Build.0 = Release|Any CPU
		{161BA9A5-E2F7-4CA7-847A-5771C4BFBF1E}.Debug|Any CPU.ActiveCfg = Debug|Any CPU
		{161BA9A5-E2F7-4CA7-847A-5771C4BFBF1E}.Debug|Any CPU.Build.0 = Debug|Any CPU
		{161BA9A5-E2F7-4CA7-847A-5771C4BFBF1E}.Debug|x64.ActiveCfg = Debug|Any CPU
		{161BA9A5-E2F7-4CA7-847A-5771C4BFBF1E}.Debug|x64.Build.0 = Debug|Any CPU
		{161BA9A5-E2F7-4CA7-847A-5771C4BFBF1E}.Debug|x86.ActiveCfg = Debug|Any CPU
		{161BA9A5-E2F7-4CA7-847A-5771C4BFBF1E}.Debug|x86.Build.0 = Debug|Any CPU
		{161BA9A5-E2F7-4CA7-847A-5771C4BFBF1E}.Release|Any CPU.ActiveCfg = Release|Any CPU
		{161BA9A5-E2F7-4CA7-847A-5771C4BFBF1E}.Release|Any CPU.Build.0 = Release|Any CPU
		{161BA9A5-E2F7-4CA7-847A-5771C4BFBF1E}.Release|x64.ActiveCfg = Release|Any CPU
		{161BA9A5-E2F7-4CA7-847A-5771C4BFBF1E}.Release|x64.Build.0 = Release|Any CPU
		{161BA9A5-E2F7-4CA7-847A-5771C4BFBF1E}.Release|x86.ActiveCfg = Release|Any CPU
		{161BA9A5-E2F7-4CA7-847A-5771C4BFBF1E}.Release|x86.Build.0 = Release|Any CPU
		{E2C5A9E9-9F37-4961-9C3F-8A97FE599120}.Debug|Any CPU.ActiveCfg = Debug|Any CPU
		{E2C5A9E9-9F37-4961-9C3F-8A97FE599120}.Debug|Any CPU.Build.0 = Debug|Any CPU
		{E2C5A9E9-9F37-4961-9C3F-8A97FE599120}.Debug|x64.ActiveCfg = Debug|Any CPU
		{E2C5A9E9-9F37-4961-9C3F-8A97FE599120}.Debug|x64.Build.0 = Debug|Any CPU
		{E2C5A9E9-9F37-4961-9C3F-8A97FE599120}.Debug|x86.ActiveCfg = Debug|Any CPU
		{E2C5A9E9-9F37-4961-9C3F-8A97FE599120}.Debug|x86.Build.0 = Debug|Any CPU
		{E2C5A9E9-9F37-4961-9C3F-8A97FE599120}.Release|Any CPU.ActiveCfg = Release|Any CPU
		{E2C5A9E9-9F37-4961-9C3F-8A97FE599120}.Release|Any CPU.Build.0 = Release|Any CPU
		{E2C5A9E9-9F37-4961-9C3F-8A97FE599120}.Release|x64.ActiveCfg = Release|Any CPU
		{E2C5A9E9-9F37-4961-9C3F-8A97FE599120}.Release|x64.Build.0 = Release|Any CPU
		{E2C5A9E9-9F37-4961-9C3F-8A97FE599120}.Release|x86.ActiveCfg = Release|Any CPU
		{E2C5A9E9-9F37-4961-9C3F-8A97FE599120}.Release|x86.Build.0 = Release|Any CPU
		{5C2637F5-EFB6-4156-82D7-6DDC51CBC80D}.Debug|Any CPU.ActiveCfg = Debug|Any CPU
		{5C2637F5-EFB6-4156-82D7-6DDC51CBC80D}.Debug|Any CPU.Build.0 = Debug|Any CPU
		{5C2637F5-EFB6-4156-82D7-6DDC51CBC80D}.Debug|x64.ActiveCfg = Debug|Any CPU
		{5C2637F5-EFB6-4156-82D7-6DDC51CBC80D}.Debug|x64.Build.0 = Debug|Any CPU
		{5C2637F5-EFB6-4156-82D7-6DDC51CBC80D}.Debug|x86.ActiveCfg = Debug|Any CPU
		{5C2637F5-EFB6-4156-82D7-6DDC51CBC80D}.Debug|x86.Build.0 = Debug|Any CPU
		{5C2637F5-EFB6-4156-82D7-6DDC51CBC80D}.Release|Any CPU.ActiveCfg = Release|Any CPU
		{5C2637F5-EFB6-4156-82D7-6DDC51CBC80D}.Release|Any CPU.Build.0 = Release|Any CPU
		{5C2637F5-EFB6-4156-82D7-6DDC51CBC80D}.Release|x64.ActiveCfg = Release|Any CPU
		{5C2637F5-EFB6-4156-82D7-6DDC51CBC80D}.Release|x64.Build.0 = Release|Any CPU
		{5C2637F5-EFB6-4156-82D7-6DDC51CBC80D}.Release|x86.ActiveCfg = Release|Any CPU
		{5C2637F5-EFB6-4156-82D7-6DDC51CBC80D}.Release|x86.Build.0 = Release|Any CPU
		{84E2DCC1-2A5E-4681-9DE2-FC0720B96026}.Debug|Any CPU.ActiveCfg = Debug|Any CPU
		{84E2DCC1-2A5E-4681-9DE2-FC0720B96026}.Debug|Any CPU.Build.0 = Debug|Any CPU
		{84E2DCC1-2A5E-4681-9DE2-FC0720B96026}.Debug|x64.ActiveCfg = Debug|Any CPU
		{84E2DCC1-2A5E-4681-9DE2-FC0720B96026}.Debug|x64.Build.0 = Debug|Any CPU
		{84E2DCC1-2A5E-4681-9DE2-FC0720B96026}.Debug|x86.ActiveCfg = Debug|Any CPU
		{84E2DCC1-2A5E-4681-9DE2-FC0720B96026}.Debug|x86.Build.0 = Debug|Any CPU
		{84E2DCC1-2A5E-4681-9DE2-FC0720B96026}.Release|Any CPU.ActiveCfg = Release|Any CPU
		{84E2DCC1-2A5E-4681-9DE2-FC0720B96026}.Release|Any CPU.Build.0 = Release|Any CPU
		{84E2DCC1-2A5E-4681-9DE2-FC0720B96026}.Release|x64.ActiveCfg = Release|Any CPU
		{84E2DCC1-2A5E-4681-9DE2-FC0720B96026}.Release|x64.Build.0 = Release|Any CPU
		{84E2DCC1-2A5E-4681-9DE2-FC0720B96026}.Release|x86.ActiveCfg = Release|Any CPU
		{84E2DCC1-2A5E-4681-9DE2-FC0720B96026}.Release|x86.Build.0 = Release|Any CPU
		{C3E53136-B455-4B0B-A667-19BEE8FE12EE}.Debug|Any CPU.ActiveCfg = Debug|Any CPU
		{C3E53136-B455-4B0B-A667-19BEE8FE12EE}.Debug|Any CPU.Build.0 = Debug|Any CPU
		{C3E53136-B455-4B0B-A667-19BEE8FE12EE}.Debug|x64.ActiveCfg = Debug|Any CPU
		{C3E53136-B455-4B0B-A667-19BEE8FE12EE}.Debug|x64.Build.0 = Debug|Any CPU
		{C3E53136-B455-4B0B-A667-19BEE8FE12EE}.Debug|x86.ActiveCfg = Debug|Any CPU
		{C3E53136-B455-4B0B-A667-19BEE8FE12EE}.Debug|x86.Build.0 = Debug|Any CPU
		{C3E53136-B455-4B0B-A667-19BEE8FE12EE}.Release|Any CPU.ActiveCfg = Release|Any CPU
		{C3E53136-B455-4B0B-A667-19BEE8FE12EE}.Release|Any CPU.Build.0 = Release|Any CPU
		{C3E53136-B455-4B0B-A667-19BEE8FE12EE}.Release|x64.ActiveCfg = Release|Any CPU
		{C3E53136-B455-4B0B-A667-19BEE8FE12EE}.Release|x64.Build.0 = Release|Any CPU
		{C3E53136-B455-4B0B-A667-19BEE8FE12EE}.Release|x86.ActiveCfg = Release|Any CPU
		{C3E53136-B455-4B0B-A667-19BEE8FE12EE}.Release|x86.Build.0 = Release|Any CPU
		{914617F2-71A8-478E-8AB6-549F63AD9245}.Debug|Any CPU.ActiveCfg = Debug|Any CPU
		{914617F2-71A8-478E-8AB6-549F63AD9245}.Debug|Any CPU.Build.0 = Debug|Any CPU
		{914617F2-71A8-478E-8AB6-549F63AD9245}.Debug|x64.ActiveCfg = Debug|Any CPU
		{914617F2-71A8-478E-8AB6-549F63AD9245}.Debug|x64.Build.0 = Debug|Any CPU
		{914617F2-71A8-478E-8AB6-549F63AD9245}.Debug|x86.ActiveCfg = Debug|Any CPU
		{914617F2-71A8-478E-8AB6-549F63AD9245}.Debug|x86.Build.0 = Debug|Any CPU
		{914617F2-71A8-478E-8AB6-549F63AD9245}.Release|Any CPU.ActiveCfg = Release|Any CPU
		{914617F2-71A8-478E-8AB6-549F63AD9245}.Release|Any CPU.Build.0 = Release|Any CPU
		{914617F2-71A8-478E-8AB6-549F63AD9245}.Release|x64.ActiveCfg = Release|Any CPU
		{914617F2-71A8-478E-8AB6-549F63AD9245}.Release|x64.Build.0 = Release|Any CPU
		{914617F2-71A8-478E-8AB6-549F63AD9245}.Release|x86.ActiveCfg = Release|Any CPU
		{914617F2-71A8-478E-8AB6-549F63AD9245}.Release|x86.Build.0 = Release|Any CPU
		{BCDE64A7-AA8D-4386-B706-12A1E102EE59}.Debug|Any CPU.ActiveCfg = Debug|Any CPU
		{BCDE64A7-AA8D-4386-B706-12A1E102EE59}.Debug|Any CPU.Build.0 = Debug|Any CPU
		{BCDE64A7-AA8D-4386-B706-12A1E102EE59}.Debug|x64.ActiveCfg = Debug|Any CPU
		{BCDE64A7-AA8D-4386-B706-12A1E102EE59}.Debug|x64.Build.0 = Debug|Any CPU
		{BCDE64A7-AA8D-4386-B706-12A1E102EE59}.Debug|x86.ActiveCfg = Debug|Any CPU
		{BCDE64A7-AA8D-4386-B706-12A1E102EE59}.Debug|x86.Build.0 = Debug|Any CPU
		{BCDE64A7-AA8D-4386-B706-12A1E102EE59}.Release|Any CPU.ActiveCfg = Release|Any CPU
		{BCDE64A7-AA8D-4386-B706-12A1E102EE59}.Release|Any CPU.Build.0 = Release|Any CPU
		{BCDE64A7-AA8D-4386-B706-12A1E102EE59}.Release|x64.ActiveCfg = Release|Any CPU
		{BCDE64A7-AA8D-4386-B706-12A1E102EE59}.Release|x64.Build.0 = Release|Any CPU
		{BCDE64A7-AA8D-4386-B706-12A1E102EE59}.Release|x86.ActiveCfg = Release|Any CPU
		{BCDE64A7-AA8D-4386-B706-12A1E102EE59}.Release|x86.Build.0 = Release|Any CPU
	EndGlobalSection
	GlobalSection(SolutionProperties) = preSolution
		HideSolutionNode = FALSE
	EndGlobalSection
	GlobalSection(NestedProjects) = preSolution
		{B16CDCC1-00E5-4999-89F5-68B2980C5B56} = {0AB3BF05-4346-4AA6-1389-037BE0695223}
		{161BA9A5-E2F7-4CA7-847A-5771C4BFBF1E} = {827E0CD3-B72D-47B6-A68D-7590B98EB39B}
		{E2C5A9E9-9F37-4961-9C3F-8A97FE599120} = {827E0CD3-B72D-47B6-A68D-7590B98EB39B}
		{5C2637F5-EFB6-4156-82D7-6DDC51CBC80D} = {0AB3BF05-4346-4AA6-1389-037BE0695223}
		{84E2DCC1-2A5E-4681-9DE2-FC0720B96026} = {827E0CD3-B72D-47B6-A68D-7590B98EB39B}
		{C3E53136-B455-4B0B-A667-19BEE8FE12EE} = {0AB3BF05-4346-4AA6-1389-037BE0695223}
		{914617F2-71A8-478E-8AB6-549F63AD9245} = {827E0CD3-B72D-47B6-A68D-7590B98EB39B}
		{BCDE64A7-AA8D-4386-B706-12A1E102EE59} = {0AB3BF05-4346-4AA6-1389-037BE0695223}
	EndGlobalSection
EndGlobal
